
Microsoft Visual Studio Solution File, Format Version 12.00
# Visual Studio Version 16
VisualStudioVersion = 16.0.32802.440
MinimumVisualStudioVersion = 10.0.40219.1
Project("{9A19103F-16F7-4668-BE54-9A1E7A4F7556}") = "StoreConsoleApp", "StoreConsoleApp\StoreConsoleApp.csproj", "{C09A401D-E464-4D8C-B280-C309E0D41CC7}"
	ProjectSection(ProjectDependencies) = postProject
		{704506B2-A8B5-4941-B955-57E38D43B146} = {704506B2-A8B5-4941-B955-57E38D43B146}
	EndProjectSection
EndProject
Project("{9A19103F-16F7-4668-BE54-9A1E7A4F7556}") = "StoreDataAccessLayer", "StoreDataAccessLayer\StoreDataAccessLayer.csproj", "{704506B2-A8B5-4941-B955-57E38D43B146}"
EndProject
Project("{2150E333-8FDC-42A3-9474-1A3956D46DE8}") = "Solution Items", "Solution Items", "{9F30E572-6083-4984-9199-C55A29D002E8}"
	ProjectSection(SolutionItems) = preProject
		.editorconfig = .editorconfig
	EndProjectSection
EndProject
Global
	GlobalSection(SolutionConfigurationPlatforms) = preSolution
		Debug|Any CPU = Debug|Any CPU
		Release|Any CPU = Release|Any CPU
	EndGlobalSection
	GlobalSection(ProjectConfigurationPlatforms) = postSolution
		{C09A401D-E464-4D8C-B280-C309E0D41CC7}.Debug|Any CPU.ActiveCfg = Debug|Any CPU
		{C09A401D-E464-4D8C-B280-C309E0D41CC7}.Debug|Any CPU.Build.0 = Debug|Any CPU
		{C09A401D-E464-4D8C-B280-C309E0D41CC7}.Release|Any CPU.ActiveCfg = Release|Any CPU
		{C09A401D-E464-4D8C-B280-C309E0D41CC7}.Release|Any CPU.Build.0 = Release|Any CPU
		{704506B2-A8B5-4941-B955-57E38D43B146}.Debug|Any CPU.ActiveCfg = Debug|Any CPU
		{704506B2-A8B5-4941-B955-57E38D43B146}.Debug|Any CPU.Build.0 = Debug|Any CPU
		{704506B2-A8B5-4941-B955-57E38D43B146}.Release|Any CPU.ActiveCfg = Release|Any CPU
		{704506B2-A8B5-4941-B955-57E38D43B146}.Release|Any CPU.Build.0 = Release|Any CPU
	EndGlobalSection
	GlobalSection(SolutionProperties) = preSolution
		HideSolutionNode = FALSE
	EndGlobalSection
	GlobalSection(ExtensibilityGlobals) = postSolution
		SolutionGuid = {F1BFC37F-7E00-40B6-9EB8-8881CCDF0F8D}
	EndGlobalSection
EndGlobal
